<?xml version="1.0" encoding="utf-8"?>
<Project ToolsVersion="4.0" xmlns="http://schemas.microsoft.com/developer/msbuild/2003">
  <ItemGroup>
    <Filter Include="Tube">
      <UniqueIdentifier>{151E8D7C-0155-8E0D-AA41-741096570A0F}</UniqueIdentifier>
    </Filter>
    <Filter Include="Tube\Events">
      <UniqueIdentifier>{5980BB1F-C535-3415-4E2A-2EECBADE2A19}</UniqueIdentifier>
    </Filter>
  </ItemGroup>
  <ItemGroup>
    <ClInclude Include="src\Tube.h" />
    <ClInclude Include="src\Tube\Application.h">
      <Filter>Tube</Filter>
    </ClInclude>
    <ClInclude Include="src\Tube\Core.h">
      <Filter>Tube</Filter>
    </ClInclude>
    <ClInclude Include="src\Tube\EntryPoint.h">
      <Filter>Tube</Filter>
    </ClInclude>
    <ClInclude Include="src\Tube\Events\ApplicationEvent.h">
      <Filter>Tube\Events</Filter>
    </ClInclude>
    <ClInclude Include="src\Tube\Events\Event.h">
      <Filter>Tube\Events</Filter>
    </ClInclude>
    <ClInclude Include="src\Tube\Events\KeyEvent.h">
      <Filter>Tube\Events</Filter>
    </ClInclude>
    <ClInclude Include="src\Tube\Events\MouseEvent.h">
      <Filter>Tube\Events</Filter>
    </ClInclude>
    <ClInclude Include="src\Tube\Log.h">
      <Filter>Tube</Filter>
    </ClInclude>
    <ClInclude Include="src\tbpch.h" />
    <ClInclude Include="src\Tube\Window.h" />
    <ClInclude Include="src\Tube\Platform\Windows\WindowsWindow.h" />
  </ItemGroup>
  <ItemGroup>
    <ClCompile Include="src\Tube\Application.cpp">
      <Filter>Tube</Filter>
    </ClCompile>
    <ClCompile Include="src\Tube\Log.cpp">
      <Filter>Tube</Filter>
    </ClCompile>
    <ClCompile Include="src\tbpch.cpp" />
    <ClCompile Include="src\Tube\Platform\Windows\WindowsWindow.cpp" />
  </ItemGroup>
</Project>